# This file is generated by running "yarn install" inside your project.
# Manual changes might be lost - proceed with caution!

__metadata:
  version: 10
  cacheKey: 10c0

"@esbuild/aix-ppc64@npm:0.28.2":
  version: 0.28.2
  resolution: "@esbuild/aix-ppc64@npm:0.28.2"
  conditions: os=aix & cpu=ppc64
  languageName: node
  linkType: hard

"@esbuild/android-arm64@npm:0.28.2":
  version: 0.28.2
  resolution: "@esbuild/android-arm64@npm:0.28.2"
  conditions: os=android & cpu=arm64
  languageName: node
  linkType: hard

"@esbuild/android-arm@npm:0.28.2":
  version: 0.28.2
  resolution: "@esbuild/android-arm@npm:0.28.2"
  conditions: os=android & cpu=arm
  languageName: node
  linkType: hard

"@esbuild/android-x64@npm:0.28.2":
  version: 0.28.2
  resolution: "@esbuild/android-x64@npm:0.28.2"
  conditions: os=android & cpu=x64
  languageName: node
  linkType: hard

"@esbuild/darwin-arm64@npm:0.28.2":
  version: 0.28.2
  resolution: "@esbuild/darwin-arm64@npm:0.28.2"
  conditions: os=darwin & cpu=arm64
  languageName: node
  linkType: hard

"@esbuild/darwin-x64@npm:0.28.2":
  version: 0.28.2
  resolution: "@esbuild/darwin-x64@npm:0.28.2"
  conditions: os=darwin & cpu=x64
  languageName: node
  linkType: hard

"@esbuild/freebsd-arm64@npm:0.28.2":
  version: 0.28.2
  resolution: "@esbuild/freebsd-arm64@npm:0.28.2"
  conditions: os=freebsd & cpu=arm64
  languageName: node
  linkType: hard

"@esbuild/freebsd-x64@npm:0.28.2":
  version: 0.28.2
  resolution: "@esbuild/freebsd-x64@npm:0.28.2"
  conditions: os=freebsd & cpu=x64
  languageName: node
  linkType: hard

"@esbuild/linux-arm64@npm:0.28.2":
  version: 0.28.2
  resolution: "@esbuild/linux-arm64@npm:0.28.2"
  conditions: os=linux & cpu=arm64
  languageName: node
  linkType: hard

"@esbuild/linux-arm@npm:0.28.2":
  version: 0.28.2
  resolution: "@esbuild/linux-arm@npm:0.28.2"
  conditions: os=linux & cpu=arm
  languageName: node
  linkType: hard

"@esbuild/linux-ia32@npm:0.28.2":
  version: 0.28.2
  resolution: "@esbuild/linux-ia32@npm:0.28.2"
  conditions: os=linux & cpu=ia32
  languageName: node
  linkType: hard

"@esbuild/linux-loong64@npm:0.28.2":
  version: 0.28.2
  resolution: "@esbuild/linux-loong64@npm:0.28.2"
  conditions: os=linux & cpu=loong64
  languageName: node
  linkType: hard

"@esbuild/linux-mips64el@npm:0.28.2":
  version: 0.28.2
  resolution: "@esbuild/linux-mips64el@npm:0.28.2"
  conditions: os=linux & cpu=mips64el
  languageName: node
  linkType: hard

"@esbuild/linux-ppc64@npm:0.28.2":
  version: 0.28.2
  resolution: "@esbuild/linux-ppc64@npm:0.28.2"
  conditions: os=linux & cpu=ppc64
  languageName: node
  linkType: hard

"@esbuild/linux-riscv64@npm:0.28.2":
  version: 0.28.2
  resolution: "@esbuild/linux-riscv64@npm:0.28.2"
  conditions: os=linux & cpu=riscv64
  languageName: node
  linkType: hard

"@esbuild/linux-s390x@npm:0.28.2":
  version: 0.28.2
  resolution: "@esbuild/linux-s390x@npm:0.28.2"
  conditions: os=linux & cpu=s390x
  languageName: node
  linkType: hard

"@esbuild/linux-x64@npm:0.28.2":
  version: 0.28.2
  resolution: "@esbuild/linux-x64@npm:0.28.2"
  conditions: os=linux & cpu=x64
  languageName: node
  linkType: hard

"@esbuild/netbsd-arm64@npm:0.28.2":
  version: 0.28.2
  resolution: "@esbuild/netbsd-arm64@npm:0.28.2"
  conditions: os=netbsd & cpu=arm64
  languageName: node
  linkType: hard

"@esbuild/netbsd-x64@npm:0.28.2":
  version: 0.28.2
  resolution: "@esbuild/netbsd-x64@npm:0.28.2"
  conditions: os=netbsd & cpu=x64
  languageName: node
  linkType: hard

"@esbuild/openbsd-arm64@npm:0.28.2":
  version: 0.28.2
  resolution: "@esbuild/openbsd-arm64@npm:0.28.2"
  conditions: os=openbsd & cpu=arm64
  languageName: node
  linkType: hard

"@esbuild/openbsd-x64@npm:0.28.2":
  version: 0.28.2
  resolution: "@esbuild/openbsd-x64@npm:0.28.2"
  conditions: os=openbsd & cpu=x64
  languageName: node
  linkType: hard

"@esbuild/openharmony-arm64@npm:0.28.2":
  version: 0.28.2
  resolution: "@esbuild/openharmony-arm64@npm:0.28.2"
  conditions: os=openharmony & cpu=arm64
  languageName: node
  linkType: hard

"@esbuild/sunos-x64@npm:0.28.2":
  version: 0.28.2
  resolution: "@esbuild/sunos-x64@npm:0.28.2"
  conditions: os=sunos & cpu=x64
  languageName: node
  linkType: hard

"@esbuild/win32-arm64@npm:0.28.2":
  version: 0.28.2
  resolution: "@esbuild/win32-arm64@npm:0.28.2"
  conditions: os=win32 & cpu=arm64
  languageName: node
  linkType: hard

"@esbuild/win32-ia32@npm:0.28.2":
  version: 0.28.2
  resolution: "@esbuild/win32-ia32@npm:0.28.2"
  conditions: os=win32 & cpu=ia32
  languageName: node
  linkType: hard

"@esbuild/win32-x64@npm:0.28.2":
  version: 0.28.2
  resolution: "@esbuild/win32-x64@npm:0.28.2"
  conditions: os=win32 & cpu=x64
  languageName: node
  linkType: hard

"@firebase/analytics-types@npm:0.3.0":
  version: 0.3.0
  resolution: "@firebase/analytics-types@npm:0.3.0"
  checksum: 10c0/23f62d183340548018ff712895b386acf385ba90b43b7b067114967b03fd6698b0fa8edd916d9cdc6791521ae4918db4b2b2d63b2614645d0da8a99f4a154f59
  languageName: node
  linkType: hard

"@firebase/analytics@npm:0.3.3":
  version: 0.3.3
  resolution: "@firebase/analytics@npm:0.3.3"
  dependencies:
    "@firebase/analytics-types": "npm:0.3.0"
    "@firebase/component": "npm:0.1.10"
    "@firebase/installations": "npm:0.4.8"
    "@firebase/logger": "npm:0.2.2"
    "@firebase/util": "npm:0.2.45"
    tslib: "npm:1.11.1"
  peerDependencies:
    "@firebase/app": 0.x
    "@firebase/app-types": 0.x
  checksum: 10c0/8e685e3e620a183fe5289ff3d67551a7e931322ba9c64fbc1c6fb9e9c1f7f4f47b4604a006bc19d8f536fad98c0d47c842db604cb76baf756ab41f44bde36fab
  languageName: node
  linkType: hard

"@firebase/app-types@npm:0.6.0":
  version: 0.6.0
  resolution: "@firebase/app-types@npm:0.6.0"
  checksum: 10c0/1b6fdcb58e35d971286fbd2dfc76f1fc879a795551f572e3243f3e7f8db383e33547399440eb224dbeb75400a1ea93474abcd26b6eba385db59f7b94f3b84fb7
  languageName: node
  linkType: hard

"@firebase/app@npm:0.6.2":
  version: 0.6.2
  resolution: "@firebase/app@npm:0.6.2"
  dependencies:
    "@firebase/app-types": "npm:0.6.0"
    "@firebase/component": "npm:0.1.10"
    "@firebase/logger": "npm:0.2.2"
    "@firebase/util": "npm:0.2.45"
    dom-storage: "npm:2.1.0"
    tslib: "npm:1.11.1"
    xmlhttprequest: "npm:1.8.0"
  checksum: 10c0/5899d263b3317282bcd21bea6d927480119317e516462d6bb3e52a01e62448d8ccbeebc9ee59635d06f6e0e4035637a53eb45b7f0f7fab2b82baed5bac55f5b1
  languageName: node
  linkType: hard

"@firebase/auth-interop-types@npm:0.1.4":
  version: 0.1.4
  resolution: "@firebase/auth-interop-types@npm:0.1.4"
  peerDependencies:
    "@firebase/app-types": 0.x
    "@firebase/util": 0.x
  checksum: 10c0/0acbf3de099aed547d9c446b116e7332541f86ee8c40372db8e49beb0a72cc17f74672fa0f178411432ea6d9170df17c635e84744bfc9a76e755b5209e61a243
  languageName: node
  linkType: hard

"@firebase/auth-types@npm:0.10.0":
  version: 0.10.0
  resolution: "@firebase/auth-types@npm:0.10.0"
  peerDependencies:
    "@firebase/app-types": 0.x
    "@firebase/util": 0.x
  checksum: 10c0/1c59c6d86547043c28b8fcf9457148ae36e1864b909c41830c4014b2e78e34380ee1a342daf1cc43f855dec848a005c30ef00e52abb151236b84418580ff63bb
  languageName: node
  linkType: hard

"@firebase/auth@npm:0.14.4":
  version: 0.14.4
  resolution: "@firebase/auth@npm:0.14.4"
  dependencies:
    "@firebase/auth-types": "npm:0.10.0"
  peerDependencies:
    "@firebase/app": 0.x
  checksum: 10c0/3f5a132ef11c39ed8b920009f5633eeec431dbcdb4d4585a73635167ae724906618bc1d91f89d6d22c37852d06a439ec73bf3eb9799ba3d152573c0cbb8e7fde
  languageName: node
  linkType: hard

"@firebase/component@npm:0.1.10":
  version: 0.1.10
  resolution: "@firebase/component@npm:0.1.10"
  dependencies:
    "@firebase/util": "npm:0.2.45"
    tslib: "npm:1.11.1"
  checksum: 10c0/d50e5f88deb471d59fb7cf61fe58cbce6d87a9d3e17377e8be59cf9e34d900c33a6588c98ed8e3ce52aedfc42db2cb06614b2e20ee3fb666c3eeaba417ced88b
  languageName: node
  linkType: hard

"@firebase/database-types@npm:0.5.0":
  version: 0.5.0
  resolution: "@firebase/database-types@npm:0.5.0"
  dependencies:
    "@firebase/app-types": "npm:0.6.0"
  checksum: 10c0/e7124e789b8b88cbef2212eaa93b38b583fc0606c01111cff2e1784cf0f2390c0b62a9ef36e09d35aeaa94b71c051bcc42b5fab38d51afe0d8e42fb3351b1241
  languageName: node
  linkType: hard

"@firebase/database@npm:0.6.1":
  version: 0.6.1
  resolution: "@firebase/database@npm:0.6.1"
  dependencies:
    "@firebase/auth-interop-types": "npm:0.1.4"
    "@firebase/component": "npm:0.1.10"
    "@firebase/database-types": "npm:0.5.0"
    "@firebase/logger": "npm:0.2.2"
    "@firebase/util": "npm:0.2.45"
    faye-websocket: "npm:0.11.3"
    tslib: "npm:1.11.1"
  checksum: 10c0/3d26efa21c2ea915916c87b4310de8c4267dc2d20bea17fa922d0b2dcbb20985ce652662e1291a96e5e6461bc921b9fdfa871b6cf07019c63c016cca435b2520
  languageName: node
  linkType: hard

"@firebase/firestore-types@npm:1.10.1":
  version: 1.10.1
  resolution: "@firebase/firestore-types@npm:1.10.1"
  peerDependencies:
    "@firebase/app-types": 0.x
  checksum: 10c0/1131620cb45f1cc460e5a51999a4c933483ce11d69cc2dcf4ca767fbf8dfa51d7ed3b82832d7aed3d639f24269fbf8164da8eacd9cea9813d4b10e1bc38d0cb8
  languageName: node
  linkType: hard

"@firebase/firestore@npm:1.14.2":
  version: 1.14.2
  resolution: "@firebase/firestore@npm:1.14.2"
  dependencies:
    "@firebase/component": "npm:0.1.10"
    "@firebase/firestore-types": "npm:1.10.1"
    "@firebase/logger": "npm:0.2.2"
    "@firebase/util": "npm:0.2.45"
    "@firebase/webchannel-wrapper": "npm:0.2.39"
    "@grpc/grpc-js": "npm:0.8.1"
    "@grpc/proto-loader": "npm:^0.5.0"
    tslib: "npm:1.11.1"
  peerDependencies:
    "@firebase/app": 0.x
    "@firebase/app-types": 0.x
  checksum: 10c0/11e6906938fe4749cb31d8dbf471d3616f4577a837deb51ceeb9837ac4a9eddf42b0218a35d3f1d5c24eddb1f982e983da0ec62fc9b09c42fbbec1f873628f17
  languageName: node
  linkType: hard

"@firebase/functions-types@npm:0.3.16":
  version: 0.3.16
  resolution: "@firebase/functions-types@npm:0.3.16"
  checksum: 10c0/1fabfe09266a822fa04697d4bfed25d375a84be713fcf3e19b9340fd2a2908339a3a66ad2f8fe94d0c7c83ec56c8a1247e25a7aa8949bdc2beb4ab3712e436b2
  languageName: node
  linkType: hard

"@firebase/functions@npm:0.4.42":
  version: 0.4.42
  resolution: "@firebase/functions@npm:0.4.42"
  dependencies:
    "@firebase/component": "npm:0.1.10"
    "@firebase/functions-types": "npm:0.3.16"
    "@firebase/messaging-types": "npm:0.4.4"
    isomorphic-fetch: "npm:2.2.1"
    tslib: "npm:1.11.1"
  peerDependencies:
    "@firebase/app": 0.x
    "@firebase/app-types": 0.x
  checksum: 10c0/124d96d15ce4ada7facc95d60bf513e6d22427c50ebdddf318ec90470fdbec7ad2e5f355297603967e7732a7d3e7ecb7e45a4f3d183f75107688600632e08413
  languageName: node
  linkType: hard

"@firebase/installations-types@npm:0.3.3":
  version: 0.3.3
  resolution: "@firebase/installations-types@npm:0.3.3"
  peerDependencies:
    "@firebase/app-types": 0.x
  checksum: 10c0/1ed46078c023af65d7d5ab2f0ffc1c310342089a3f0c340dd0926e4c9c49e349546eb03d954e7b71dc03f0b40c32a70d464ceefd0bf089085f52ab1bde77d9d2
  languageName: node
  linkType: hard

"@firebase/installations@npm:0.4.8":
  version: 0.4.8
  resolution: "@firebase/installations@npm:0.4.8"
  dependencies:
    "@firebase/component": "npm:0.1.10"
    "@firebase/installations-types": "npm:0.3.3"
    "@firebase/util": "npm:0.2.45"
    idb: "npm:3.0.2"
    tslib: "npm:1.11.1"
  peerDependencies:
    "@firebase/app": 0.x
    "@firebase/app-types": 0.x
  checksum: 10c0/c6aa474fed25d5c30db0ebcd56086603ba1de18042f705830e9499590ebc6a430ce27e37bb12fc0f2c12433a6e38dac38ab7201c5fbaad16ac79d2767d8ce606
  languageName: node
  linkType: hard

"@firebase/logger@npm:0.2.2":
  version: 0.2.2
  resolution: "@firebase/logger@npm:0.2.2"
  checksum: 10c0/07acd2d6209d186d535b9a4d06b680571c530e7ce0b1e62bef8e925a1d8e4e9381068beb3aab7dd53219172112f52f81dc73c3cfd619f44cb61650bce4423573
  languageName: node
  linkType: hard

"@firebase/messaging-types@npm:0.4.4":
  version: 0.4.4
  resolution: "@firebase/messaging-types@npm:0.4.4"
  peerDependencies:
    "@firebase/app-types": 0.x
  checksum: 10c0/875d2ab0d5a16734dac98e2b1985ee86085f608c55d12a817387e6a7f0b91b391001352d0ee4e79bcc8fc2c4611fe2c6cac9e96f437ac383fd9def2355776ba7
  languageName: node
  linkType: hard

"@firebase/messaging@npm:0.6.14":
  version: 0.6.14
  resolution: "@firebase/messaging@npm:0.6.14"
  dependencies:
    "@firebase/component": "npm:0.1.10"
    "@firebase/installations": "npm:0.4.8"
    "@firebase/messaging-types": "npm:0.4.4"
    "@firebase/util": "npm:0.2.45"
    idb: "npm:3.0.2"
    tslib: "npm:1.11.1"
  peerDependencies:
    "@firebase/app": 0.x
    "@firebase/app-types": 0.x
  checksum: 10c0/c0ee55f82588e7014c511c7bf4ed079d205469169dcf884dda9e190d177b1e7638ba21af3245f92759688a962ccd1460a31ff77300bc02d60b8dd0f9b64513f2
  languageName: node
  linkType: hard

"@firebase/performance-types@npm:0.0.12":
  version: 0.0.12
  resolution: "@firebase/performance-types@npm:0.0.12"
  checksum: 10c0/512368aa50e769885c4d4838e7f8fba0b2683df274c97c1dedfb658ebc2b063204383c17347712f38b1f53d9f13d7882923834849f835b8b438ac9e926fa84c4
  languageName: node
  linkType: hard

"@firebase/performance@npm:0.3.2":
  version: 0.3.2
  resolution: "@firebase/performance@npm:0.3.2"
  dependencies:
    "@firebase/component": "npm:0.1.10"
    "@firebase/installations": "npm:0.4.8"
    "@firebase/logger": "npm:0.2.2"
    "@firebase/performance-types": "npm:0.0.12"
    "@firebase/util": "npm:0.2.45"
    tslib: "npm:1.11.1"
  peerDependencies:
    "@firebase/app": 0.x
    "@firebase/app-types": 0.x
  checksum: 10c0/bb4386d3bb2de88ad8d1c364f7c145cd039a9e51d130aa48f5b201ae694b53aac46d524fd85ce00c3cc18ca0aaa99fcc0281fa935175556b1e69839ca1a76d32
  languageName: node
  linkType: hard

"@firebase/polyfill@npm:0.3.34":
  version: 0.3.34
  resolution: "@firebase/polyfill@npm:0.3.34"
  dependencies:
    core-js: "npm:3.6.5"
    promise-polyfill: "npm:8.1.3"
    whatwg-fetch: "npm:2.0.4"
  checksum: 10c0/247435349faa4bc6d28cf5f8b133b5796eaa4c74000e58fa912ccdf1ada12216155faf5d84a63566ca290151264a732836e436befc8f11ddc763fa0efec0190a
  languageName: node
  linkType: hard

"@firebase/remote-config-types@npm:0.1.8":
  version: 0.1.8
  resolution: "@firebase/remote-config-types@npm:0.1.8"
  checksum: 10c0/e42257bbabed0736ce02d7d260f0dff2138096aa2531bf23f8a854bcc0e4334710ab19166914cc1c16a65570e0ad653b2bca66931ab7ef3921be0d7ad9165c1f
  languageName: node
  linkType: hard

"@firebase/remote-config@npm:0.1.19":
  version: 0.1.19
  resolution: "@firebase/remote-config@npm:0.1.19"
  dependencies:
    "@firebase/component": "npm:0.1.10"
    "@firebase/installations": "npm:0.4.8"
    "@firebase/logger": "npm:0.2.2"
    "@firebase/remote-config-types": "npm:0.1.8"
    "@firebase/util": "npm:0.2.45"
    tslib: "npm:1.11.1"
  peerDependencies:
    "@firebase/app": 0.x
    "@firebase/app-types": 0.x
  checksum: 10c0/e7119fa7c999b40734d60d18cab401b0f688d78f9fe08611992c28cf69d596c74d65ec88eb56b29d862bd629c342fa55fbe2d715ba0e07f038c91b1da14c7f0b
  languageName: node
  linkType: hard

"@firebase/storage-types@npm:0.3.11":
  version: 0.3.11
  resolution: "@firebase/storage-types@npm:0.3.11"
  peerDependencies:
    "@firebase/app-types": 0.x
    "@firebase/util": 0.x
  checksum: 10c0/a9489b1fead68360830676d72e6f2b833a04e461a1692a282b9566931b66a049b24baf15b1eedc6016e04f93232dc4171e3949037ed36ccc144d0695749873a0
  languageName: node
  linkType: hard

"@firebase/storage@npm:0.3.32":
  version: 0.3.32
  resolution: "@firebase/storage@npm:0.3.32"
  dependencies:
    "@firebase/component": "npm:0.1.10"
    "@firebase/storage-types": "npm:0.3.11"
    "@firebase/util": "npm:0.2.45"
    tslib: "npm:1.11.1"
  peerDependencies:
    "@firebase/app": 0.x
    "@firebase/app-types": 0.x
  checksum: 10c0/ed734736990d69adb0baacc57e894b66877ebd7dfaada15d5a71caf42a15f60f10fdce31c471f0a48f6af015dab2c986479bad119ba8e459f2fa077780925cd9
  languageName: node
  linkType: hard

"@firebase/util@npm:0.2.45":
  version: 0.2.45
  resolution: "@firebase/util@npm:0.2.45"
  dependencies:
    tslib: "npm:1.11.1"
  checksum: 10c0/1080e9a5032458c7358a577b52bc2fad1fee804f4a5e27be5b0cffa65cb78e23999bd98dfa8a9b48740714946dffe8aa6436f42a48f5f173d67266fa6da5c853
  languageName: node
  linkType: hard

"@firebase/webchannel-wrapper@npm:0.2.39":
  version: 0.2.39
  resolution: "@firebase/webchannel-wrapper@npm:0.2.39"
  checksum: 10c0/fae83b6c0acc762d12d3c5e946aa44f13b114d91d5288130b2d81d53c580bf3fd53c80946ed348e42ab7492b49cf8a29d39a38432f1f33b38cc68b1f67f3999d
  languageName: node
  linkType: hard

"@grpc/grpc-js@npm:0.8.1":
  version: 0.8.1
  resolution: "@grpc/grpc-js@npm:0.8.1"
  dependencies:
    semver: "npm:^6.2.0"
  checksum: 10c0/9bc3d377947162aa3a32c5af1211e32b2d09d4e8754320a8483a36b40082c88bbdc926f8d4faa41b30039e4b9ca6ea183ec527dcae1b51c39925208b8c5433bf
  languageName: node
  linkType: hard

"@grpc/proto-loader@npm:^0.5.0":
  version: 0.5.4
  resolution: "@grpc/proto-loader@npm:0.5.4"
  dependencies:
    lodash.camelcase: "npm:^4.3.0"
    protobufjs: "npm:^6.8.6"
  checksum: 10c0/fe725d450ce6f576bfce2d2a0cfa2f00a48182e6f7f8a8c8cbf51a41fc77e4f2ff879624a92f78caee4b277dddc7588a276bbfb8202d8800db9132cfcdcf0ab9
  languageName: node
  linkType: hard

"@protobufjs/aspromise@npm:^1.1.1, @protobufjs/aspromise@npm:^1.1.2":
  version: 1.1.2
  resolution: "@protobufjs/aspromise@npm:1.1.2"
  checksum: 10c0/a83343a468ff5b5ec6bff36fd788a64c839e48a07ff9f4f813564f58caf44d011cd6504ed2147bf34835bd7a7dd2107052af755961c6b098fd8902b4f6500d0f
  languageName: node
  linkType: hard

"@protobufjs/base64@npm:^1.1.2":
  version: 1.1.2
  resolution: "@protobufjs/base64@npm:1.1.2"
  checksum: 10c0/eec925e681081af190b8ee231f9bad3101e189abbc182ff279da6b531e7dbd2a56f1f306f37a80b1be9e00aa2d271690d08dcc5f326f71c9eed8546675c8caf6
  languageName: node
  linkType: hard

"@protobufjs/codegen@npm:^2.0.4":
  version: 2.0.4
  resolution: "@protobufjs/codegen@npm:2.0.4"
  checksum: 10c0/26ae337c5659e41f091606d16465bbcc1df1f37cc1ed462438b1f67be0c1e28dfb2ca9f294f39100c52161aef82edf758c95d6d75650a1ddf31f7ddee1440b43
  languageName: node
  linkType: hard

"@protobufjs/eventemitter@npm:^1.1.0":
  version: 1.1.0
  resolution: "@protobufjs/eventemitter@npm:1.1.0"
  checksum: 10c0/1eb0a75180e5206d1033e4138212a8c7089a3d418c6dfa5a6ce42e593a4ae2e5892c4ef7421f38092badba4040ea6a45f0928869989411001d8c1018ea9a6e70
  languageName: node
  linkType: hard

"@protobufjs/fetch@npm:^1.1.0":
  version: 1.1.0
  resolution: "@protobufjs/fetch@npm:1.1.0"
  dependencies:
    "@protobufjs/aspromise": "npm:^1.1.1"
    "@protobufjs/inquire": "npm:^1.1.0"
  checksum: 10c0/cda6a3dc2d50a182c5865b160f72077aac197046600091dbb005dd0a66db9cce3c5eaed6d470ac8ed49d7bcbeef6ee5f0bc288db5ff9a70cbd003e5909065233
  languageName: node
  linkType: hard

"@protobufjs/float@npm:^1.0.2":
  version: 1.0.2
  resolution: "@protobufjs/float@npm:1.0.2"
  checksum: 10c0/18f2bdede76ffcf0170708af15c9c9db6259b771e6b84c51b06df34a9c339dbbeec267d14ce0bddd20acc142b1d980d983d31434398df7f98eb0c94a0eb79069
  languageName: node
  linkType: hard

"@protobufjs/inquire@npm:^1.1.0":
  version: 1.1.0
  resolution: "@protobufjs/inquire@npm:1.1.0"
  checksum: 10c0/64372482efcba1fb4d166a2664a6395fa978b557803857c9c03500e0ac1013eb4b1aacc9ed851dd5fc22f81583670b4f4431bae186f3373fedcfde863ef5921a
  languageName: node
  linkType: hard

"@protobufjs/path@npm:^1.1.2":
  version: 1.1.2
  resolution: "@protobufjs/path@npm:1.1.2"
  checksum: 10c0/cece0a938e7f5dfd2fa03f8c14f2f1cf8b0d6e13ac7326ff4c96ea311effd5fb7ae0bba754fbf505312af2e38500250c90e68506b97c02360a43793d88a0d8b4
  languageName: node
  linkType: hard

"@protobufjs/pool@npm:^1.1.0":
  version: 1.1.0
  resolution: "@protobufjs/pool@npm:1.1.0"
  checksum: 10c0/eda2718b7f222ac6e6ad36f758a92ef90d26526026a19f4f17f668f45e0306a5bd734def3f48f51f8134ae0978b6262a5c517c08b115a551756d1a3aadfcf038
  languageName: node
  linkType: hard

"@protobufjs/utf8@npm:^1.1.0":
  version: 1.1.0
  resolution: "@protobufjs/utf8@npm:1.1.0"
  checksum: 10c0/a3fe31fe3fa29aa3349e2e04ee13dc170cc6af7c23d92ad49e3eeaf79b9766264544d3da824dba93b7855bd6a2982fb40032ef40693da98a136d835752beb487
  languageName: node
  linkType: hard

"@types/long@npm:^4.0.1":
  version: 4.0.1
  resolution: "@types/long@npm:4.0.1"
  checksum: 10c0/5ce2ecb4d14d29f0f25eff2e2fdb4e5d2ad2a7613094722bc06514d4aaeaa60fc4819465a438aa8e7f987c2649f50da18755d87ac30e5241a127251ad06b2c80
  languageName: node
  linkType: hard

"@types/node@npm:^13.7.0":
  version: 13.13.5
  resolution: "@types/node@npm:13.13.5"
  checksum: 10c0/ba1db1d9b3a8d50881591468d2f05716eb9c9668e39202e237abc247fb9ae3f8449a03650cf8c2628d6d81414f4f74c15316ebf1acfd14580fe177ea350f86e6
  languageName: node
  linkType: hard

"core-js@npm:3.6.5":
  version: 3.6.5
  resolution: "core-js@npm:3.6.5"
  checksum: 10c0/ab5f869adda3d4dfa8e8753f5b6e6990196f585e701c5fdb2bfd780bdc57235ceefdcd156f557faf9c2d3ed6010383870d3082318f8eda3218b1908413477a04
  languageName: node
  linkType: hard

"dom-storage@npm:2.1.0":
  version: 2.1.0
  resolution: "dom-storage@npm:2.1.0"
  checksum: 10c0/d1e23111485933a29ed46db29ce3e8dd5d5179e489719f75e3c36e082a0845d6b0511a32b9bfdfc2f425c52c2f7085d0891cc4e943374436fc70bc103495035b
  languageName: node
  linkType: hard

"encoding@npm:^0.1.11":
  version: 0.1.12
  resolution: "encoding@npm:0.1.12"
  dependencies:
    iconv-lite: "npm:~0.4.13"
  checksum: 10c0/1d0daefb259fb0c97b90baa7f98ea9bb3916a1aef39e21c2888a1602fb616fcd422db6e6281839dc7ff32c1db7448bcd258954d37d4f0e5f1503357db0793ee6
  languageName: node
  linkType: hard

"esbuild@npm:^0.28.2":
  version: 0.28.2
  resolution: "esbuild@npm:0.28.2"
  dependencies:
    "@esbuild/aix-ppc64": "npm:0.28.2"
    "@esbuild/android-arm": "npm:0.28.2"
    "@esbuild/android-arm64": "npm:0.28.2"
    "@esbuild/android-x64": "npm:0.28.2"
    "@esbuild/darwin-arm64": "npm:0.28.2"
    "@esbuild/darwin-x64": "npm:0.28.2"
    "@esbuild/freebsd-arm64": "npm:0.28.2"
    "@esbuild/freebsd-x64": "npm:0.28.2"
    "@esbuild/linux-arm": "npm:0.28.2"
    "@esbuild/linux-arm64": "npm:0.28.2"
    "@esbuild/linux-ia32": "npm:0.28.2"
    "@esbuild/linux-loong64": "npm:0.28.2"
    "@esbuild/linux-mips64el": "npm:0.28.2"
    "@esbuild/linux-ppc64": "npm:0.28.2"
    "@esbuild/linux-riscv64": "npm:0.28.2"
    "@esbuild/linux-s390x": "npm:0.28.2"
    "@esbuild/linux-x64": "npm:0.28.2"
    "@esbuild/netbsd-arm64": "npm:0.28.2"
    "@esbuild/netbsd-x64": "npm:0.28.2"
    "@esbuild/openbsd-arm64": "npm:0.28.2"
    "@esbuild/openbsd-x64": "npm:0.28.2"
    "@esbuild/openharmony-arm64": "npm:0.28.2"
    "@esbuild/sunos-x64": "npm:0.28.2"
    "@esbuild/win32-arm64": "npm:0.28.2"
    "@esbuild/win32-ia32": "npm:0.28.2"
    "@esbuild/win32-x64": "npm:0.28.2"
  dependenciesMeta:
    "@esbuild/aix-ppc64":
      optional: true
    "@esbuild/android-arm":
      optional: true
    "@esbuild/android-arm64":
      optional: true
    "@esbuild/android-x64":
      optional: true
    "@esbuild/darwin-arm64":
      optional: true
    "@esbuild/darwin-x64":
      optional: true
    "@esbuild/freebsd-arm64":
      optional: true
    "@esbuild/freebsd-x64":
      optional: true
    "@esbuild/linux-arm":
      optional: true
    "@esbuild/linux-arm64":
      optional: true
    "@esbuild/linux-ia32":
      optional: true
    "@esbuild/linux-loong64":
      optional: true
    "@esbuild/linux-mips64el":
      optional: true
    "@esbuild/linux-ppc64":
      optional: true
    "@esbuild/linux-riscv64":
      optional: true
    "@esbuild/linux-s390x":
      optional: true
    "@esbuild/linux-x64":
      optional: true
    "@esbuild/netbsd-arm64":
      optional: true
    "@esbuild/netbsd-x64":
      optional: true
    "@esbuild/openbsd-arm64":
      optional: true
    "@esbuild/openbsd-x64":
      optional: true
    "@esbuild/openharmony-arm64":
      optional: true
    "@esbuild/sunos-x64":
      optional: true
    "@esbuild/win32-arm64":
      optional: true
    "@esbuild/win32-ia32":
      optional: true
    "@esbuild/win32-x64":
      optional: true
  bin:
    esbuild: bin/esbuild
  checksum: 10c0/9b19edb63bd7780fd2e8e65a1394a0e8a05a17d697f73f0647ffe3c134709d8dbe744ab3fd57b35c9470db268cae7678fafd3dcd3ce1f34fc590568c2433f5d2
  languageName: node
  linkType: hard

"faye-websocket@npm:0.11.3":
  version: 0.11.3
  resolution: "faye-websocket@npm:0.11.3"
  dependencies:
    websocket-driver: "npm:>=0.5.1"
  checksum: 10c0/ef4b6d45f33f83e02eb2bd1c406258f179c07e39ef9863a637b89781ee621708b71980e4252d0e176395919fc65fcb71f9f2ebe3b22d2cdde60738e91846365b
  languageName: node
  linkType: hard

"firebase@npm:^7.14.2":
  version: 7.14.2
  resolution: "firebase@npm:7.14.2"
  dependencies:
    "@firebase/analytics": "npm:0.3.3"
    "@firebase/app": "npm:0.6.2"
    "@firebase/app-types": "npm:0.6.0"
    "@firebase/auth": "npm:0.14.4"
    "@firebase/database": "npm:0.6.1"
    "@firebase/firestore": "npm:1.14.2"
    "@firebase/functions": "npm:0.4.42"
    "@firebase/installations": "npm:0.4.8"
    "@firebase/messaging": "npm:0.6.14"
    "@firebase/performance": "npm:0.3.2"
    "@firebase/polyfill": "npm:0.3.34"
    "@firebase/remote-config": "npm:0.1.19"
    "@firebase/storage": "npm:0.3.32"
    "@firebase/util": "npm:0.2.45"
  checksum: 10c0/671dc5a770a999e7101e47178165d492c81ba68b5f5c0589493ae0d218ca24a23133553cf520437eb0a41605fa9b327bb68ef6271ca15884a1e2a4e7b1f602fe
  languageName: node
  linkType: hard

"http-parser-js@npm:>=0.4.0 <0.4.11":
  version: 0.4.10
  resolution: "http-parser-js@npm:0.4.10"
  checksum: 10c0/5b023c7722cbefd68b86416e32bd63838ec673ffd68c656c5c221011404779664b0914413e1b42760bcf6ee1fd53e1fd63ef2777862d45e2e8b58aaec294380a
  languageName: node
  linkType: hard

"iconv-lite@npm:~0.4.13":
  version: 0.4.24
  resolution: "iconv-lite@npm:0.4.24"
  dependencies:
    safer-buffer: "npm:>= 2.1.2 < 3"
  checksum: 10c0/c6886a24cc00f2a059767440ec1bc00d334a89f250db8e0f7feb4961c8727118457e27c495ba94d082e51d3baca378726cd110aaf7ded8b9bbfd6a44760cf1d4
  languageName: node
  linkType: hard

"idb@npm:3.0.2":
  version: 3.0.2
  resolution: "idb@npm:3.0.2"
  checksum: 10c0/de3acfe8b8aefe4812e07e19c1deec565695586d8d0bae7feb109439a04a09399b413002d1825332aa5142c148bf4fad40db34d578d443431e5a6e0d85530502
  languageName: node
  linkType: hard

"is-stream@npm:^1.0.1":
  version: 1.1.0
  resolution: "is-stream@npm:1.1.0"
  checksum: 10c0/b8ae7971e78d2e8488d15f804229c6eed7ed36a28f8807a1815938771f4adff0e705218b7dab968270433f67103e4fef98062a0beea55d64835f705ee72c7002
  languageName: node
  linkType: hard

"isomorphic-fetch@npm:2.2.1":
  version: 2.2.1
  resolution: "isomorphic-fetch@npm:2.2.1"
  dependencies:
    node-fetch: "npm:^1.0.1"
    whatwg-fetch: "npm:>=0.10.0"
  checksum: 10c0/ea9fd37d31ec7b35b82180e1946d4a2f512506d0559fa567ec6ee6701ff1c6d924be90e75499c50982274b707e03ecd9eaa21d618872dd0deff530e4c3bdb074
  languageName: node
  linkType: hard

"lodash.camelcase@npm:^4.3.0":
  version: 4.3.0
  resolution: "lodash.camelcase@npm:4.3.0"
  checksum: 10c0/fcba15d21a458076dd309fce6b1b4bf611d84a0ec252cb92447c948c533ac250b95d2e00955801ebc367e5af5ed288b996d75d37d2035260a937008e14eaf432
  languageName: node
  linkType: hard

"long@npm:^4.0.0":
  version: 4.0.0
  resolution: "long@npm:4.0.0"
  checksum: 10c0/50a6417d15b06104dbe4e3d4a667c39b137f130a9108ea8752b352a4cfae047531a3ac351c181792f3f8768fe17cca6b0f406674a541a86fb638aaac560d83ed
  languageName: node
  linkType: hard

"node-fetch@npm:^1.0.1":
  version: 1.7.3
  resolution: "node-fetch@npm:1.7.3"
  dependencies:
    encoding: "npm:^0.1.11"
    is-stream: "npm:^1.0.1"
  checksum: 10c0/5a6b56b3edf909ccd20414355867d24f15f1885da3b26be90840241c46e63754ebf4697050f897daab676e3952d969611ffe1d4bc4506cf50f70837e20ad5328
  languageName: node
  linkType: hard

"promise-polyfill@npm:8.1.3":
  version: 8.1.3
  resolution: "promise-polyfill@npm:8.1.3"
  checksum: 10c0/bd6869ded21dc7510df279509f6d81a06096eb3e594fc213245f506d47b258037648475b56970a870f454de170a96ebb9d7293253dbf68e514d7099b67d37850
  languageName: node
  linkType: hard

"protobufjs@npm:^6.8.6":
  version: 6.9.0
  resolution: "protobufjs@npm:6.9.0"
  dependencies:
    "@protobufjs/aspromise": "npm:^1.1.2"
    "@protobufjs/base64": "npm:^1.1.2"
    "@protobufjs/codegen": "npm:^2.0.4"
    "@protobufjs/eventemitter": "npm:^1.1.0"
    "@protobufjs/fetch": "npm:^1.1.0"
    "@protobufjs/float": "npm:^1.0.2"
    "@protobufjs/inquire": "npm:^1.1.0"
    "@protobufjs/path": "npm:^1.1.2"
    "@protobufjs/pool": "npm:^1.1.0"
    "@protobufjs/utf8": "npm:^1.1.0"
    "@types/long": "npm:^4.0.1"
    "@types/node": "npm:^13.7.0"
    long: "npm:^4.0.0"
  bin:
    pbjs: bin/pbjs
    pbts: bin/pbts
  checksum: 10c0/c30077d8cfc12a59ea03ecdd747fad827d58778d5b10e32e1aee2c5ba295768aaa5790746603ba86160634e1774849decdea427b3bbb9f0cec83e8ad75275860
  languageName: node
  linkType: hard

"safe-buffer@npm:>=5.1.0":
  version: 5.2.0
  resolution: "safe-buffer@npm:5.2.0"
  checksum: 10c0/9e1d7f6a162b493b54ecc29e60fcedaf4d0b53aa1636088f8f1f40dc5e7ceeb44885983c0de8148a735369e1ce567abe9465e8086e413673706432d4df8cca07
  languageName: node
  linkType: hard

"safer-buffer@npm:>= 2.1.2 < 3":
  version: 2.1.2
  resolution: "safer-buffer@npm:2.1.2"
  checksum: 10c0/7e3c8b2e88a1841c9671094bbaeebd94448111dd90a81a1f606f3f67708a6ec57763b3b47f06da09fc6054193e0e6709e77325415dc8422b04497a8070fa02d4
  languageName: node
  linkType: hard

"semver@npm:^6.2.0":
  version: 6.3.0
  resolution: "semver@npm:6.3.0"
  bin:
    semver: ./bin/semver.js
  checksum: 10c0/1f4959e15bcfbaf727e964a4920f9260141bb8805b399793160da4e7de128e42a7d1f79c1b7d5cd21a6073fba0d55feb9966f5fef3e5ccb8e1d7ead3d7527458
  languageName: node
  linkType: hard

"spotify-web-watcher@workspace:.":
  version: 0.0.0-use.local
  resolution: "spotify-web-watcher@workspace:."
  dependencies:
    esbuild: "npm:^0.28.2"
    firebase: "npm:^7.14.2"
  languageName: unknown
  linkType: soft

"tslib@npm:1.11.1":
  version: 1.11.1
  resolution: "tslib@npm:1.11.1"
  checksum: 10c0/053e9d4bf2725a9383cbc5e8b18d0ded808f2288790c9ca40d7e3f553c051e3a010fb9f0647bd17d866f5a711a3d6cb4bf1b61360a82f0ed098431707c069ca8
  languageName: node
  linkType: hard

"websocket-driver@npm:>=0.5.1":
  version: 0.7.3
  resolution: "websocket-driver@npm:0.7.3"
  dependencies:
    http-parser-js: "npm:>=0.4.0 <0.4.11"
    safe-buffer: "npm:>=5.1.0"
    websocket-extensions: "npm:>=0.1.1"
  checksum: 10c0/0dbab147cae211111d5ec0ce268a78e4d34ab42f73c52a27a8d95e762a2646642e2fee4de44910244cb5f1d89238e6f7ebe534bfc0b8f3726d090dbcee00cf18
  languageName: node
  linkType: hard

"websocket-extensions@npm:>=0.1.1":
  version: 0.1.3
  resolution: "websocket-extensions@npm:0.1.3"
  checksum: 10c0/302b51b33b7a1256a7384e837d4e01d3e1efe640e90213b0fe1e87df7f3d288aebf19d968d77b4572e444f96df522ddbe7a2e1c5d11c068a55ae4733ca9e4201
  languageName: node
  linkType: hard

"whatwg-fetch@npm:2.0.4":
  version: 2.0.4
  resolution: "whatwg-fetch@npm:2.0.4"
  checksum: 10c0/bf2bc1617218c63f2be86edefb95ac5e7f967ae402e468ed550729436369725c3b03a5d1110f62ea789b6f7f399969b1ef720b0bb04e8947fdf94eab7ffac829
  languageName: node
  linkType: hard

"whatwg-fetch@npm:>=0.10.0":
  version: 3.0.0
  resolution: "whatwg-fetch@npm:3.0.0"
  checksum: 10c0/c4b4b0058df2358e5c8d1c7320069d89ac02d815a01dca66f838edf6498207f0c5a7a88029442e945042f61b54d29a16db1fed12c41abbe1f7f959e26d9134e6
  languageName: node
  linkType: hard

"xmlhttprequest@npm:1.8.0":
  version: 1.8.0
  resolution: "xmlhttprequest@npm:1.8.0"
  checksum: 10c0/c890661562e4cb6c36a126071e956047164296f58b0058ab28a9c9f1c3b46a65bf421a242d3449363a2aadc3d9769146160b10a501710d476a17d77d41a5c99e
  languageName: node
  linkType: hard
